
Microsoft Visual Studio Solution File, Format Version 12.00
# Visual Studio Version 17
VisualStudioVersion = 17.8.34511.84
MinimumVisualStudioVersion = 10.0.40219.1
Project("{FAE04EC0-301F-11D3-BF4B-00C04F79EFBC}") = "Prog_224_W24_CSV_030424", "Prog_224_W24_CSV_030424.csproj", "{A490E24F-BFA6-4A25-9734-8C190DC61133}"
EndProject
Global
	GlobalSection(SolutionConfigurationPlatforms) = preSolution
		Debug|Any CPU = Debug|Any CPU
		Release|Any CPU = Release|Any CPU
	EndGlobalSection
	GlobalSection(ProjectConfigurationPlatforms) = postSolution
		{A490E24F-BFA6-4A25-9734-8C190DC61133}.Debug|Any CPU.ActiveCfg = Debug|Any CPU
		{A490E24F-BFA6-4A25-9734-8C190DC61133}.Debug|Any CPU.Build.0 = Debug|Any CPU
		{A490E24F-BFA6-4A25-9734-8C190DC61133}.Release|Any CPU.ActiveCfg = Release|Any CPU
		{A490E24F-BFA6-4A25-9734-8C190DC61133}.Release|Any CPU.Build.0 = Release|Any CPU
	EndGlobalSection
	GlobalSection(SolutionProperties) = preSolution
		HideSolutionNode = FALSE
	EndGlobalSection
	GlobalSection(ExtensibilityGlobals) = postSolution
		SolutionGuid = {0515BA21-EE4B-496D-B53E-29B59187BD8E}
	EndGlobalSection
EndGlobal
